// !$*UTF8*$!
{
	archiveVersion = 1;
	classes = {
	};
	objectVersion = 46;
	objects = {

/* Begin PBXBuildFile section */
		D96690D01CEF0D3B00B6AB98 /* Person.m in Sources */ = {isa = PBXBuildFile; fileRef = D96690CF1CEF0D3B00B6AB98 /* Person.m */; };
		D96690D61CEF130600B6AB98 /* Person+Property.m in Sources */ = {isa = PBXBuildFile; fileRef = D96690D51CEF130600B6AB98 /* Person+Property.m */; };
		D96690D91CEF17CA00B6AB98 /* Person+MethodSwizzling.m in Sources */ = {isa = PBXBuildFile; fileRef = D96690D81CEF17CA00B6AB98 /* Person+MethodSwizzling.m */; };
		D96690DF1CEF247D00B6AB98 /* NSObject+Parse.m in Sources */ = {isa = PBXBuildFile; fileRef = D96690DE1CEF247D00B6AB98 /* NSObject+Parse.m */; };
		D9F47CFB1CEDBA5B0067C8BF /* main.m in Sources */ = {isa = PBXBuildFile; fileRef = D9F47CFA1CEDBA5B0067C8BF /* main.m */; };
		D9F47CFE1CEDBA5B0067C8BF /* AppDelegate.m in Sources */ = {isa = PBXBuildFile; fileRef = D9F47CFD1CEDBA5B0067C8BF /* AppDelegate.m */; };
		D9F47D011CEDBA5B0067C8BF /* ViewController.m in Sources */ = {isa = PBXBuildFile; fileRef = D9F47D001CEDBA5B0067C8BF /* ViewController.m */; };
		D9F47D041CEDBA5B0067C8BF /* Main.storyboard in Resources */ = {isa = PBXBuildFile; fileRef = D9F47D021CEDBA5B0067C8BF /* Main.storyboard */; };
		D9F47D061CEDBA5B0067C8BF /* Assets.xcassets in Resources */ = {isa = PBXBuildFile; fileRef = D9F47D051CEDBA5B0067C8BF /* Assets.xcassets */; };
		D9F47D091CEDBA5B0067C8BF /* LaunchScreen.storyboard in Resources */ = {isa = PBXBuildFile; fileRef = D9F47D071CEDBA5B0067C8BF /* LaunchScreen.storyboard */; };
		D9F47D121CEEB5020067C8BF /* Father.m in Sources */ = {isa = PBXBuildFile; fileRef = D9F47D111CEEB5020067C8BF /* Father.m */; };
		D9F47D151CEEB51A0067C8BF /* Son.m in Sources */ = {isa = PBXBuildFile; fileRef = D9F47D141CEEB51A0067C8BF /* Son.m */; };
		D9F47D591CEEBE820067C8BF /* Son.cpp in Sources */ = {isa = PBXBuildFile; fileRef = D9F47D581CEEBE820067C8BF /* Son.cpp */; };
/* End PBXBuildFile section */

/* Begin PBXContainerItemProxy section */
		D96690CB1CEEDDC800B6AB98 /* PBXContainerItemProxy */ = {
			isa = PBXContainerItemProxy;
			containerPortal = D96690C61CEEDDC800B6AB98 /* objc.xcodeproj */;
			proxyType = 2;
			remoteGlobalIDString = D2AAC0630554660B00DB518D;
			remoteInfo = objc;
		};
/* End PBXContainerItemProxy section */

/* Begin PBXFileReference section */
		D96690C61CEEDDC800B6AB98 /* objc.xcodeproj */ = {isa = PBXFileReference; lastKnownFileType = "wrapper.pb-project"; name = objc.xcodeproj; path = "objc4-680/objc.xcodeproj"; sourceTree = "<group>"; };
		D96690CE1CEF0D3B00B6AB98 /* Person.h */ = {isa = PBXFileReference; fileEncoding = 4; lastKnownFileType = sourcecode.c.h; path = Person.h; sourceTree = "<group>"; };
		D96690CF1CEF0D3B00B6AB98 /* Person.m */ = {isa = PBXFileReference; fileEncoding = 4; lastKnownFileType = sourcecode.c.objc; path = Person.m; sourceTree = "<group>"; };
		D96690D41CEF130600B6AB98 /* Person+Property.h */ = {isa = PBXFileReference; fileEncoding = 4; lastKnownFileType = sourcecode.c.h; path = "Person+Property.h"; sourceTree = "<group>"; };
		D96690D51CEF130600B6AB98 /* Person+Property.m */ = {isa = PBXFileReference; fileEncoding = 4; lastKnownFileType = sourcecode.c.objc; path = "Person+Property.m"; sourceTree = "<group>"; };
		D96690D71CEF17CA00B6AB98 /* Person+MethodSwizzling.h */ = {isa = PBXFileReference; fileEncoding = 4; lastKnownFileType = sourcecode.c.h; path = "Person+MethodSwizzling.h"; sourceTree = "<group>"; };
		D96690D81CEF17CA00B6AB98 /* Person+MethodSwizzling.m */ = {isa = PBXFileReference; fileEncoding = 4; lastKnownFileType = sourcecode.c.objc; path = "Person+MethodSwizzling.m"; sourceTree = "<group>"; };
		D96690DD1CEF247D00B6AB98 /* NSObject+Parse.h */ = {isa = PBXFileReference; fileEncoding = 4; lastKnownFileType = sourcecode.c.h; path = "NSObject+Parse.h"; sourceTree = "<group>"; };
		D96690DE1CEF247D00B6AB98 /* NSObject+Parse.m */ = {isa = PBXFileReference; fileEncoding = 4; lastKnownFileType = sourcecode.c.objc; path = "NSObject+Parse.m"; sourceTree = "<group>"; };
		D9F47CF61CEDBA5B0067C8BF /* LessonRunTime.app */ = {isa = PBXFileReference; explicitFileType = wrapper.application; includeInIndex = 0; path = LessonRunTime.app; sourceTree = BUILT_PRODUCTS_DIR; };
		D9F47CFA1CEDBA5B0067C8BF /* main.m */ = {isa = PBXFileReference; lastKnownFileType = sourcecode.c.objc; path = main.m; sourceTree = "<group>"; };
		D9F47CFC1CEDBA5B0067C8BF /* AppDelegate.h */ = {isa = PBXFileReference; lastKnownFileType = sourcecode.c.h; path = AppDelegate.h; sourceTree = "<group>"; };
		D9F47CFD1CEDBA5B0067C8BF /* AppDelegate.m */ = {isa = PBXFileReference; lastKnownFileType = sourcecode.c.objc; path = AppDelegate.m; sourceTree = "<group>"; };
		D9F47CFF1CEDBA5B0067C8BF /* ViewController.h */ = {isa = PBXFileReference; lastKnownFileType = sourcecode.c.h; path = ViewController.h; sourceTree = "<group>"; };
		D9F47D001CEDBA5B0067C8BF /* ViewController.m */ = {isa = PBXFileReference; lastKnownFileType = sourcecode.c.objc; path = ViewController.m; sourceTree = "<group>"; };
		D9F47D031CEDBA5B0067C8BF /* Base */ = {isa = PBXFileReference; lastKnownFileType = file.storyboard; name = Base; path = Base.lproj/Main.storyboard; sourceTree = "<group>"; };
		D9F47D051CEDBA5B0067C8BF /* Assets.xcassets */ = {isa = PBXFileReference; lastKnownFileType = folder.assetcatalog; path = Assets.xcassets; sourceTree = "<group>"; };
		D9F47D081CEDBA5B0067C8BF /* Base */ = {isa = PBXFileReference; lastKnownFileType = file.storyboard; name = Base; path = Base.lproj/LaunchScreen.storyboard; sourceTree = "<group>"; };
		D9F47D0A1CEDBA5B0067C8BF /* Info.plist */ = {isa = PBXFileReference; lastKnownFileType = text.plist.xml; path = Info.plist; sourceTree = "<group>"; };
		D9F47D101CEEB5020067C8BF /* Father.h */ = {isa = PBXFileReference; fileEncoding = 4; lastKnownFileType = sourcecode.c.h; path = Father.h; sourceTree = "<group>"; };
		D9F47D111CEEB5020067C8BF /* Father.m */ = {isa = PBXFileReference; fileEncoding = 4; lastKnownFileType = sourcecode.c.objc; path = Father.m; sourceTree = "<group>"; };
		D9F47D131CEEB51A0067C8BF /* Son.h */ = {isa = PBXFileReference; fileEncoding = 4; lastKnownFileType = sourcecode.c.h; path = Son.h; sourceTree = "<group>"; };
		D9F47D141CEEB51A0067C8BF /* Son.m */ = {isa = PBXFileReference; fileEncoding = 4; lastKnownFileType = sourcecode.c.objc; path = Son.m; sourceTree = "<group>"; };
		D9F47D581CEEBE820067C8BF /* Son.cpp */ = {isa = PBXFileReference; fileEncoding = 4; lastKnownFileType = sourcecode.cpp.cpp; path = Son.cpp; sourceTree = "<group>"; };
/* End PBXFileReference section */

/* Begin PBXFrameworksBuildPhase section */
		D9F47CF31CEDBA5B0067C8BF /* Frameworks */ = {
			isa = PBXFrameworksBuildPhase;
			buildActionMask = 2147483647;
			files = (
			);
			runOnlyForDeploymentPostprocessing = 0;
		};
/* End PBXFrameworksBuildPhase section */

/* Begin PBXGroup section */
		D96690C71CEEDDC800B6AB98 /* Products */ = {
			isa = PBXGroup;
			children = (
				D96690CC1CEEDDC800B6AB98 /* libobjc.A.dylib */,
			);
			name = Products;
			sourceTree = "<group>";
		};
		D96690CD1CEF018D00B6AB98 /* RunTime Example */ = {
			isa = PBXGroup;
			children = (
				D96690CE1CEF0D3B00B6AB98 /* Person.h */,
				D96690CF1CEF0D3B00B6AB98 /* Person.m */,
				D96690D41CEF130600B6AB98 /* Person+Property.h */,
				D96690D51CEF130600B6AB98 /* Person+Property.m */,
				D96690D71CEF17CA00B6AB98 /* Person+MethodSwizzling.h */,
				D96690D81CEF17CA00B6AB98 /* Person+MethodSwizzling.m */,
				D96690DD1CEF247D00B6AB98 /* NSObject+Parse.h */,
				D96690DE1CEF247D00B6AB98 /* NSObject+Parse.m */,
			);
			name = "RunTime Example";
			sourceTree = "<group>";
		};
		D9F47CED1CEDBA5B0067C8BF = {
			isa = PBXGroup;
			children = (
				D9F47CF81CEDBA5B0067C8BF /* LessonRunTime */,
				D96690C61CEEDDC800B6AB98 /* objc.xcodeproj */,
				D9F47CF71CEDBA5B0067C8BF /* Products */,
			);
			sourceTree = "<group>";
		};
		D9F47CF71CEDBA5B0067C8BF /* Products */ = {
			isa = PBXGroup;
			children = (
				D9F47CF61CEDBA5B0067C8BF /* LessonRunTime.app */,
			);
			name = Products;
			sourceTree = "<group>";
		};
		D9F47CF81CEDBA5B0067C8BF /* LessonRunTime */ = {
			isa = PBXGroup;
			children = (
				D9F47CFC1CEDBA5B0067C8BF /* AppDelegate.h */,
				D9F47CFD1CEDBA5B0067C8BF /* AppDelegate.m */,
				D9F47CFF1CEDBA5B0067C8BF /* ViewController.h */,
				D9F47D001CEDBA5B0067C8BF /* ViewController.m */,
				D96690CD1CEF018D00B6AB98 /* RunTime Example */,
				D9F47D5A1CEEBFCC0067C8BF /* SelfOrSuper */,
				D9F47D021CEDBA5B0067C8BF /* Main.storyboard */,
				D9F47D051CEDBA5B0067C8BF /* Assets.xcassets */,
				D9F47D071CEDBA5B0067C8BF /* LaunchScreen.storyboard */,
				D9F47D0A1CEDBA5B0067C8BF /* Info.plist */,
				D9F47CF91CEDBA5B0067C8BF /* Supporting Files */,
			);
			path = LessonRunTime;
			sourceTree = "<group>";
		};
		D9F47CF91CEDBA5B0067C8BF /* Supporting Files */ = {
			isa = PBXGroup;
			children = (
				D9F47CFA1CEDBA5B0067C8BF /* main.m */,
			);
			name = "Supporting Files";
			sourceTree = "<group>";
		};
		D9F47D5A1CEEBFCC0067C8BF /* SelfOrSuper */ = {
			isa = PBXGroup;
			children = (
				D9F47D101CEEB5020067C8BF /* Father.h */,
				D9F47D111CEEB5020067C8BF /* Father.m */,
				D9F47D131CEEB51A0067C8BF /* Son.h */,
				D9F47D141CEEB51A0067C8BF /* Son.m */,
				D9F47D581CEEBE820067C8BF /* Son.cpp */,
			);
			name = SelfOrSuper;
			sourceTree = "<group>";
		};
/* End PBXGroup section */

/* Begin PBXNativeTarget section */
		D9F47CF51CEDBA5B0067C8BF /* LessonRunTime */ = {
			isa = PBXNativeTarget;
			buildConfigurationList = D9F47D0D1CEDBA5B0067C8BF /* Build configuration list for PBXNativeTarget "LessonRunTime" */;
			buildPhases = (
				D9F47CF21CEDBA5B0067C8BF /* Sources */,
				D9F47CF31CEDBA5B0067C8BF /* Frameworks */,
				D9F47CF41CEDBA5B0067C8BF /* Resources */,
			);
			buildRules = (
			);
			dependencies = (
			);
			name = LessonRunTime;
			productName = LessonRunTime;
			productReference = D9F47CF61CEDBA5B0067C8BF /* LessonRunTime.app */;
			productType = "com.apple.product-type.application";
		};
/* End PBXNativeTarget section */

/* Begin PBXProject section */
		D9F47CEE1CEDBA5B0067C8BF /* Project object */ = {
			isa = PBXProject;
			attributes = {
				LastUpgradeCheck = 0720;
				ORGANIZATIONNAME = zhangdong;
				TargetAttributes = {
					D9F47CF51CEDBA5B0067C8BF = {
						CreatedOnToolsVersion = 7.2;
					};
				};
			};
			buildConfigurationList = D9F47CF11CEDBA5B0067C8BF /* Build configuration list for PBXProject "LessonRunTime" */;
			compatibilityVersion = "Xcode 3.2";
			developmentRegion = English;
			hasScannedForEncodings = 0;
			knownRegions = (
				en,
				Base,
			);
			mainGroup = D9F47CED1CEDBA5B0067C8BF;
			productRefGroup = D9F47CF71CEDBA5B0067C8BF /* Products */;
			projectDirPath = "";
			projectReferences = (
				{
					ProductGroup = D96690C71CEEDDC800B6AB98 /* Products */;
					ProjectRef = D96690C61CEEDDC800B6AB98 /* objc.xcodeproj */;
				},
			);
			projectRoot = "";
			targets = (
				D9F47CF51CEDBA5B0067C8BF /* LessonRunTime */,
			);
		};
/* End PBXProject section */

/* Begin PBXReferenceProxy section */
		D96690CC1CEEDDC800B6AB98 /* libobjc.A.dylib */ = {
			isa = PBXReferenceProxy;
			fileType = "compiled.mach-o.dylib";
			path = libobjc.A.dylib;
			remoteRef = D96690CB1CEEDDC800B6AB98 /* PBXContainerItemProxy */;
			sourceTree = BUILT_PRODUCTS_DIR;
		};
/* End PBXReferenceProxy section */

/* Begin PBXResourcesBuildPhase section */
		D9F47CF41CEDBA5B0067C8BF /* Resources */ = {
			isa = PBXResourcesBuildPhase;
			buildActionMask = 2147483647;
			files = (
				D9F47D091CEDBA5B0067C8BF /* LaunchScreen.storyboard in Resources */,
				D9F47D061CEDBA5B0067C8BF /* Assets.xcassets in Resources */,
				D9F47D041CEDBA5B0067C8BF /* Main.storyboard in Resources */,
			);
			runOnlyForDeploymentPostprocessing = 0;
		};
/* End PBXResourcesBuildPhase section */

/* Begin PBXSourcesBuildPhase section */
		D9F47CF21CEDBA5B0067C8BF /* Sources */ = {
			isa = PBXSourcesBuildPhase;
			buildActionMask = 2147483647;
			files = (
				D9F47D591CEEBE820067C8BF /* Son.cpp in Sources */,
				D9F47D011CEDBA5B0067C8BF /* ViewController.m in Sources */,
				D96690D01CEF0D3B00B6AB98 /* Person.m in Sources */,
				D96690D91CEF17CA00B6AB98 /* Person+MethodSwizzling.m in Sources */,
				D9F47D151CEEB51A0067C8BF /* Son.m in Sources */,
				D9F47D121CEEB5020067C8BF /* Father.m in Sources */,
				D9F47CFE1CEDBA5B0067C8BF /* AppDelegate.m in Sources */,
				D96690DF1CEF247D00B6AB98 /* NSObject+Parse.m in Sources */,
				D96690D61CEF130600B6AB98 /* Person+Property.m in Sources */,
				D9F47CFB1CEDBA5B0067C8BF /* main.m in Sources */,
			);
			runOnlyForDeploymentPostprocessing = 0;
		};
/* End PBXSourcesBuildPhase section */

/* Begin PBXVariantGroup section */
		D9F47D021CEDBA5B0067C8BF /* Main.storyboard */ = {
			isa = PBXVariantGroup;
			children = (
				D9F47D031CEDBA5B0067C8BF /* Base */,
			);
			name = Main.storyboard;
			sourceTree = "<group>";
		};
		D9F47D071CEDBA5B0067C8BF /* LaunchScreen.storyboard */ = {
			isa = PBXVariantGroup;
			children = (
				D9F47D081CEDBA5B0067C8BF /* Base */,
			);
			name = LaunchScreen.storyboard;
			sourceTree = "<group>";
		};
/* End PBXVariantGroup section */

/* Begin XCBuildConfiguration section */
		D9F47D0B1CEDBA5B0067C8BF /* Debug */ = {
			isa = XCBuildConfiguration;
			buildSettings = {
				ALWAYS_SEARCH_USER_PATHS = NO;
				CLANG_CXX_LANGUAGE_STANDARD = "gnu++0x";
				CLANG_CXX_LIBRARY = "libc++";
				CLANG_ENABLE_MODULES = YES;
				CLANG_ENABLE_OBJC_ARC = YES;
				CLANG_WARN_BOOL_CONVERSION = YES;
				CLANG_WARN_CONSTANT_CONVERSION = YES;
				CLANG_WARN_DIRECT_OBJC_ISA_USAGE = YES_ERROR;
				CLANG_WARN_EMPTY_BODY = YES;
				CLANG_WARN_ENUM_CONVERSION = YES;
				CLANG_WARN_INT_CONVERSION = YES;
				CLANG_WARN_OBJC_ROOT_CLASS = YES_ERROR;
				CLANG_WARN_UNREACHABLE_CODE = YES;
				CLANG_WARN__DUPLICATE_METHOD_MATCH = YES;
				"CODE_SIGN_IDENTITY[sdk=iphoneos*]" = "iPhone Developer";
				COPY_PHASE_STRIP = NO;
				DEBUG_INFORMATION_FORMAT = dwarf;
				ENABLE_STRICT_OBJC_MSGSEND = YES;
				ENABLE_TESTABILITY = YES;
				GCC_C_LANGUAGE_STANDARD = gnu99;
				GCC_DYNAMIC_NO_PIC = NO;
				GCC_NO_COMMON_BLOCKS = YES;
				GCC_OPTIMIZATION_LEVEL = 0;
				GCC_PREPROCESSOR_DEFINITIONS = (
					"DEBUG=1",
					"$(inherited)",
				);
				GCC_WARN_64_TO_32_BIT_CONVERSION = YES;
				GCC_WARN_ABOUT_RETURN_TYPE = YES_ERROR;
				GCC_WARN_UNDECLARED_SELECTOR = YES;
				GCC_WARN_UNINITIALIZED_AUTOS = YES_AGGRESSIVE;
				GCC_WARN_UNUSED_FUNCTION = YES;
				GCC_WARN_UNUSED_VARIABLE = YES;
				IPHONEOS_DEPLOYMENT_TARGET = 9.2;
				MTL_ENABLE_DEBUG_INFO = YES;
				ONLY_ACTIVE_ARCH = YES;
				SDKROOT = iphoneos;
			};
			name = Debug;
		};
		D9F47D0C1CEDBA5B0067C8BF /* Release */ = {
			isa = XCBuildConfiguration;
			buildSettings = {
				ALWAYS_SEARCH_USER_PATHS = NO;
				CLANG_CXX_LANGUAGE_STANDARD = "gnu++0x";
				CLANG_CXX_LIBRARY = "libc++";
				CLANG_ENABLE_MODULES = YES;
				CLANG_ENABLE_OBJC_ARC = YES;
				CLANG_WARN_BOOL_CONVERSION = YES;
				CLANG_WARN_CONSTANT_CONVERSION = YES;
				CLANG_WARN_DIRECT_OBJC_ISA_USAGE = YES_ERROR;
				CLANG_WARN_EMPTY_BODY = YES;
				CLANG_WARN_ENUM_CONVERSION = YES;
				CLANG_WARN_INT_CONVERSION = YES;
				CLANG_WARN_OBJC_ROOT_CLASS = YES_ERROR;
				CLANG_WARN_UNREACHABLE_CODE = YES;
				CLANG_WARN__DUPLICATE_METHOD_MATCH = YES;
				"CODE_SIGN_IDENTITY[sdk=iphoneos*]" = "iPhone Developer";
				COPY_PHASE_STRIP = NO;
				DEBUG_INFORMATION_FORMAT = "dwarf-with-dsym";
				ENABLE_NS_ASSERTIONS = NO;
				ENABLE_STRICT_OBJC_MSGSEND = YES;
				GCC_C_LANGUAGE_STANDARD = gnu99;
				GCC_NO_COMMON_BLOCKS = YES;
				GCC_WARN_64_TO_32_BIT_CONVERSION = YES;
				GCC_WARN_ABOUT_RETURN_TYPE = YES_ERROR;
				GCC_WARN_UNDECLARED_SELECTOR = YES;
				GCC_WARN_UNINITIALIZED_AUTOS = YES_AGGRESSIVE;
				GCC_WARN_UNUSED_FUNCTION = YES;
				GCC_WARN_UNUSED_VARIABLE = YES;
				IPHONEOS_DEPLOYMENT_TARGET = 9.2;
				MTL_ENABLE_DEBUG_INFO = NO;
				SDKROOT = iphoneos;
				VALIDATE_PRODUCT = YES;
			};
			name = Release;
		};
		D9F47D0E1CEDBA5B0067C8BF /* Debug */ = {
			isa = XCBuildConfiguration;
			buildSettings = {
				ASSETCATALOG_COMPILER_APPICON_NAME = AppIcon;
				INFOPLIST_FILE = LessonRunTime/Info.plist;
				LD_RUNPATH_SEARCH_PATHS = "$(inherited) @executable_path/Frameworks";
				PRODUCT_BUNDLE_IDENTIFIER = JY.LessonRunTime;
				PRODUCT_NAME = "$(TARGET_NAME)";
			};
			name = Debug;
		};
		D9F47D0F1CEDBA5B0067C8BF /* Release */ = {
			isa = XCBuildConfiguration;
			buildSettings = {
				ASSETCATALOG_COMPILER_APPICON_NAME = AppIcon;
				INFOPLIST_FILE = LessonRunTime/Info.plist;
				LD_RUNPATH_SEARCH_PATHS = "$(inherited) @executable_path/Frameworks";
				PRODUCT_BUNDLE_IDENTIFIER = JY.LessonRunTime;
				PRODUCT_NAME = "$(TARGET_NAME)";
			};
			name = Release;
		};
/* End XCBuildConfiguration section */

/* Begin XCConfigurationList section */
		D9F47CF11CEDBA5B0067C8BF /* Build configuration list for PBXProject "LessonRunTime" */ = {
			isa = XCConfigurationList;
			buildConfigurations = (
				D9F47D0B1CEDBA5B0067C8BF /* Debug */,
				D9F47D0C1CEDBA5B0067C8BF /* Release */,
			);
			defaultConfigurationIsVisible = 0;
			defaultConfigurationName = Release;
		};
		D9F47D0D1CEDBA5B0067C8BF /* Build configuration list for PBXNativeTarget "LessonRunTime" */ = {
			isa = XCConfigurationList;
			buildConfigurations = (
				D9F47D0E1CEDBA5B0067C8BF /* Debug */,
				D9F47D0F1CEDBA5B0067C8BF /* Release */,
			);
			defaultConfigurationIsVisible = 0;
			defaultConfigurationName = Release;
		};
/* End XCConfigurationList section */
	};
	rootObject = D9F47CEE1CEDBA5B0067C8BF /* Project object */;
}
